// !$*UTF8*$!
{
	archiveVersion = 1;
	classes = {
	};
	objectVersion = 48;
	objects = {

/* Begin PBXBuildFile section */
		A7164AAC9C5D8CC93B30B77E /* Pods_Equalizer2.framework in Frameworks */ = {isa = PBXBuildFile; fileRef = 58C348EC48EBE1972115403C /* Pods_Equalizer2.framework */; };
		F752A9311FE17972004177A0 /* Cell1CollectionViewCell.swift in Sources */ = {isa = PBXBuildFile; fileRef = F752A9301FE17972004177A0 /* Cell1CollectionViewCell.swift */; };
		F75602BB1FE1452800B32121 /* PickerViewController.swift in Sources */ = {isa = PBXBuildFile; fileRef = F75602BA1FE1452800B32121 /* PickerViewController.swift */; };
		F798EC031FE123D200F5EF10 /* VerticalSlider.swift in Sources */ = {isa = PBXBuildFile; fileRef = F798EC021FE123D200F5EF10 /* VerticalSlider.swift */; };
		F798EC051FE1242400F5EF10 /* InternalSlider.swift in Sources */ = {isa = PBXBuildFile; fileRef = F798EC041FE1242400F5EF10 /* InternalSlider.swift */; };
		F7E7286A1FE26DA3007FE526 /* CenterCellCollectionViewFlowLayout.swift in Sources */ = {isa = PBXBuildFile; fileRef = F7E728691FE26DA3007FE526 /* CenterCellCollectionViewFlowLayout.swift */; };
		F7E7FA8B1FE02B87005E8822 /* AppDelegate.swift in Sources */ = {isa = PBXBuildFile; fileRef = F7E7FA8A1FE02B87005E8822 /* AppDelegate.swift */; };
		F7E7FA8D1FE02B87005E8822 /* ViewController.swift in Sources */ = {isa = PBXBuildFile; fileRef = F7E7FA8C1FE02B87005E8822 /* ViewController.swift */; };
		F7E7FA901FE02B87005E8822 /* Main.storyboard in Resources */ = {isa = PBXBuildFile; fileRef = F7E7FA8E1FE02B87005E8822 /* Main.storyboard */; };
		F7E7FA921FE02B87005E8822 /* Assets.xcassets in Resources */ = {isa = PBXBuildFile; fileRef = F7E7FA911FE02B87005E8822 /* Assets.xcassets */; };
		F7E7FA951FE02B87005E8822 /* LaunchScreen.storyboard in Resources */ = {isa = PBXBuildFile; fileRef = F7E7FA931FE02B87005E8822 /* LaunchScreen.storyboard */; };
		F7F177891FE29685003FF5D4 /* AKPickerView.swift in Sources */ = {isa = PBXBuildFile; fileRef = F7F177881FE29685003FF5D4 /* AKPickerView.swift */; };
/* End PBXBuildFile section */

/* Begin PBXFileReference section */
		58C348EC48EBE1972115403C /* Pods_Equalizer2.framework */ = {isa = PBXFileReference; explicitFileType = wrapper.framework; includeInIndex = 0; path = Pods_Equalizer2.framework; sourceTree = BUILT_PRODUCTS_DIR; };
		59A1756210367DF7D5EFB924 /* Pods-Equalizer2.debug.xcconfig */ = {isa = PBXFileReference; includeInIndex = 1; lastKnownFileType = text.xcconfig; name = "Pods-Equalizer2.debug.xcconfig"; path = "Pods/Target Support Files/Pods-Equalizer2/Pods-Equalizer2.debug.xcconfig"; sourceTree = "<group>"; };
		EE17AA76FD2BCECE0E19CCF0 /* Pods-Equalizer2.release.xcconfig */ = {isa = PBXFileReference; includeInIndex = 1; lastKnownFileType = text.xcconfig; name = "Pods-Equalizer2.release.xcconfig"; path = "Pods/Target Support Files/Pods-Equalizer2/Pods-Equalizer2.release.xcconfig"; sourceTree = "<group>"; };
		F752A9301FE17972004177A0 /* Cell1CollectionViewCell.swift */ = {isa = PBXFileReference; lastKnownFileType = sourcecode.swift; name = Cell1CollectionViewCell.swift; path = /Users/sergeyls/Desktop/Xcode/Designables/Equalizer2/Equalizer2/Cell1CollectionViewCell.swift; sourceTree = "<absolute>"; };
		F75602BA1FE1452800B32121 /* PickerViewController.swift */ = {isa = PBXFileReference; lastKnownFileType = sourcecode.swift; path = PickerViewController.swift; sourceTree = "<group>"; };
		F798EC021FE123D200F5EF10 /* VerticalSlider.swift */ = {isa = PBXFileReference; lastKnownFileType = sourcecode.swift; path = VerticalSlider.swift; sourceTree = "<group>"; };
		F798EC041FE1242400F5EF10 /* InternalSlider.swift */ = {isa = PBXFileReference; lastKnownFileType = sourcecode.swift; path = InternalSlider.swift; sourceTree = "<group>"; };
		F7E728691FE26DA3007FE526 /* CenterCellCollectionViewFlowLayout.swift */ = {isa = PBXFileReference; lastKnownFileType = sourcecode.swift; path = CenterCellCollectionViewFlowLayout.swift; sourceTree = "<group>"; };
		F7E7FA871FE02B87005E8822 /* Equalizer2.app */ = {isa = PBXFileReference; explicitFileType = wrapper.application; includeInIndex = 0; path = Equalizer2.app; sourceTree = BUILT_PRODUCTS_DIR; };
		F7E7FA8A1FE02B87005E8822 /* AppDelegate.swift */ = {isa = PBXFileReference; lastKnownFileType = sourcecode.swift; path = AppDelegate.swift; sourceTree = "<group>"; };
		F7E7FA8C1FE02B87005E8822 /* ViewController.swift */ = {isa = PBXFileReference; lastKnownFileType = sourcecode.swift; path = ViewController.swift; sourceTree = "<group>"; };
		F7E7FA8F1FE02B87005E8822 /* Base */ = {isa = PBXFileReference; lastKnownFileType = file.storyboard; name = Base; path = Base.lproj/Main.storyboard; sourceTree = "<group>"; };
		F7E7FA911FE02B87005E8822 /* Assets.xcassets */ = {isa = PBXFileReference; lastKnownFileType = folder.assetcatalog; path = Assets.xcassets; sourceTree = "<group>"; };
		F7E7FA941FE02B87005E8822 /* Base */ = {isa = PBXFileReference; lastKnownFileType = file.storyboard; name = Base; path = Base.lproj/LaunchScreen.storyboard; sourceTree = "<group>"; };
		F7E7FA961FE02B87005E8822 /* Info.plist */ = {isa = PBXFileReference; lastKnownFileType = text.plist.xml; path = Info.plist; sourceTree = "<group>"; };
		F7F177881FE29685003FF5D4 /* AKPickerView.swift */ = {isa = PBXFileReference; fileEncoding = 4; lastKnownFileType = sourcecode.swift; path = AKPickerView.swift; sourceTree = "<group>"; };
/* End PBXFileReference section */

/* Begin PBXFrameworksBuildPhase section */
		F7E7FA841FE02B87005E8822 /* Frameworks */ = {
			isa = PBXFrameworksBuildPhase;
			buildActionMask = 2147483647;
			files = (
				A7164AAC9C5D8CC93B30B77E /* Pods_Equalizer2.framework in Frameworks */,
			);
			runOnlyForDeploymentPostprocessing = 0;
		};
/* End PBXFrameworksBuildPhase section */

/* Begin PBXGroup section */
		0A5DD48A3371D92EA7B9030F /* Frameworks */ = {
			isa = PBXGroup;
			children = (
				58C348EC48EBE1972115403C /* Pods_Equalizer2.framework */,
			);
			name = Frameworks;
			sourceTree = "<group>";
		};
		50EFFC4BE91BD35BA83B3B7E /* Pods */ = {
			isa = PBXGroup;
			children = (
				59A1756210367DF7D5EFB924 /* Pods-Equalizer2.debug.xcconfig */,
				EE17AA76FD2BCECE0E19CCF0 /* Pods-Equalizer2.release.xcconfig */,
			);
			name = Pods;
			sourceTree = "<group>";
		};
		F798EC011FE123C200F5EF10 /* VerticalSlider */ = {
			isa = PBXGroup;
			children = (
				F798EC021FE123D200F5EF10 /* VerticalSlider.swift */,
				F798EC041FE1242400F5EF10 /* InternalSlider.swift */,
			);
			path = VerticalSlider;
			sourceTree = "<group>";
		};
		F7E728681FE26D75007FE526 /* CenterCellCollectionView */ = {
			isa = PBXGroup;
			children = (
				F7E728691FE26DA3007FE526 /* CenterCellCollectionViewFlowLayout.swift */,
			);
			path = CenterCellCollectionView;
			sourceTree = "<group>";
		};
		F7E7FA7E1FE02B87005E8822 = {
			isa = PBXGroup;
			children = (
				F7E7FA891FE02B87005E8822 /* Equalizer2 */,
				F7E7FA881FE02B87005E8822 /* Products */,
				50EFFC4BE91BD35BA83B3B7E /* Pods */,
				0A5DD48A3371D92EA7B9030F /* Frameworks */,
			);
			sourceTree = "<group>";
		};
		F7E7FA881FE02B87005E8822 /* Products */ = {
			isa = PBXGroup;
			children = (
				F7E7FA871FE02B87005E8822 /* Equalizer2.app */,
			);
			name = Products;
			sourceTree = "<group>";
		};
		F7E7FA891FE02B87005E8822 /* Equalizer2 */ = {
			isa = PBXGroup;
			children = (
				F7F177861FE294E8003FF5D4 /* HorizontalSlider */,
				F7E728681FE26D75007FE526 /* CenterCellCollectionView */,
				F798EC011FE123C200F5EF10 /* VerticalSlider */,
				F7E7FA8A1FE02B87005E8822 /* AppDelegate.swift */,
				F7E7FA8C1FE02B87005E8822 /* ViewController.swift */,
				F7E7FA8E1FE02B87005E8822 /* Main.storyboard */,
				F75602BA1FE1452800B32121 /* PickerViewController.swift */,
				F752A9301FE17972004177A0 /* Cell1CollectionViewCell.swift */,
				F7E7FA911FE02B87005E8822 /* Assets.xcassets */,
				F7E7FA931FE02B87005E8822 /* LaunchScreen.storyboard */,
				F7E7FA961FE02B87005E8822 /* Info.plist */,
			);
			path = Equalizer2;
			sourceTree = "<group>";
		};
		F7F177861FE294E8003FF5D4 /* HorizontalSlider */ = {
			isa = PBXGroup;
			children = (
				F7F177881FE29685003FF5D4 /* AKPickerView.swift */,
			);
			path = HorizontalSlider;
			sourceTree = "<group>";
		};
/* End PBXGroup section */

/* Begin PBXNativeTarget section */
		F7E7FA861FE02B87005E8822 /* Equalizer2 */ = {
			isa = PBXNativeTarget;
			buildConfigurationList = F7E7FA991FE02B87005E8822 /* Build configuration list for PBXNativeTarget "Equalizer2" */;
			buildPhases = (
				5684AE5FDA484D51A4A1F689 /* [CP] Check Pods Manifest.lock */,
				F7E7FA831FE02B87005E8822 /* Sources */,
				F7E7FA841FE02B87005E8822 /* Frameworks */,
				F7E7FA851FE02B87005E8822 /* Resources */,
				FC183ACC3B4E417708FBAD5F /* [CP] Embed Pods Frameworks */,
				627B27347C4FB47C71388DEF /* [CP] Copy Pods Resources */,
			);
			buildRules = (
			);
			dependencies = (
			);
			name = Equalizer2;
			productName = Equalizer2;
			productReference = F7E7FA871FE02B87005E8822 /* Equalizer2.app */;
			productType = "com.apple.product-type.application";
		};
/* End PBXNativeTarget section */

/* Begin PBXProject section */
		F7E7FA7F1FE02B87005E8822 /* Project object */ = {
			isa = PBXProject;
			attributes = {
				LastSwiftUpdateCheck = 0920;
				LastUpgradeCheck = 0920;
				ORGANIZATIONNAME = "Sergey Leskov";
				TargetAttributes = {
					F7E7FA861FE02B87005E8822 = {
						CreatedOnToolsVersion = 9.2;
						ProvisioningStyle = Automatic;
					};
				};
			};
			buildConfigurationList = F7E7FA821FE02B87005E8822 /* Build configuration list for PBXProject "Equalizer2" */;
			compatibilityVersion = "Xcode 8.0";
			developmentRegion = en;
			hasScannedForEncodings = 0;
			knownRegions = (
				en,
				Base,
			);
			mainGroup = F7E7FA7E1FE02B87005E8822;
			productRefGroup = F7E7FA881FE02B87005E8822 /* Products */;
			projectDirPath = "";
			projectRoot = "";
			targets = (
				F7E7FA861FE02B87005E8822 /* Equalizer2 */,
			);
		};
/* End PBXProject section */

/* Begin PBXResourcesBuildPhase section */
		F7E7FA851FE02B87005E8822 /* Resources */ = {
			isa = PBXResourcesBuildPhase;
			buildActionMask = 2147483647;
			files = (
				F7E7FA951FE02B87005E8822 /* LaunchScreen.storyboard in Resources */,
				F7E7FA921FE02B87005E8822 /* Assets.xcassets in Resources */,
				F7E7FA901FE02B87005E8822 /* Main.storyboard in Resources */,
			);
			runOnlyForDeploymentPostprocessing = 0;
		};
/* End PBXResourcesBuildPhase section */

/* Begin PBXShellScriptBuildPhase section */
		5684AE5FDA484D51A4A1F689 /* [CP] Check Pods Manifest.lock */ = {
			isa = PBXShellScriptBuildPhase;
			buildActionMask = 2147483647;
			files = (
			);
			inputPaths = (
				"${PODS_PODFILE_DIR_PATH}/Podfile.lock",
				"${PODS_ROOT}/Manifest.lock",
			);
			name = "[CP] Check Pods Manifest.lock";
			outputPaths = (
				"$(DERIVED_FILE_DIR)/Pods-Equalizer2-checkManifestLockResult.txt",
			);
			runOnlyForDeploymentPostprocessing = 0;
			shellPath = /bin/sh;
			shellScript = "diff \"${PODS_PODFILE_DIR_PATH}/Podfile.lock\" \"${PODS_ROOT}/Manifest.lock\" > /dev/null\nif [ $? != 0 ] ; then\n    # print error to STDERR\n    echo \"error: The sandbox is not in sync with the Podfile.lock. Run 'pod install' or update your CocoaPods installation.\" >&2\n    exit 1\nfi\n# This output is used by Xcode 'outputs' to avoid re-running this script phase.\necho \"SUCCESS\" > \"${SCRIPT_OUTPUT_FILE_0}\"\n";
			showEnvVarsInLog = 0;
		};
		627B27347C4FB47C71388DEF /* [CP] Copy Pods Resources */ = {
			isa = PBXShellScriptBuildPhase;
			buildActionMask = 2147483647;
			files = (
			);
			inputPaths = (
			);
			name = "[CP] Copy Pods Resources";
			outputPaths = (
			);
			runOnlyForDeploymentPostprocessing = 0;
			shellPath = /bin/sh;
			shellScript = "\"${SRCROOT}/Pods/Target Support Files/Pods-Equalizer2/Pods-Equalizer2-resources.sh\"\n";
			showEnvVarsInLog = 0;
		};
		FC183ACC3B4E417708FBAD5F /* [CP] Embed Pods Frameworks */ = {
			isa = PBXShellScriptBuildPhase;
			buildActionMask = 2147483647;
			files = (
			);
			inputPaths = (
				"${SRCROOT}/Pods/Target Support Files/Pods-Equalizer2/Pods-Equalizer2-frameworks.sh",
				"${BUILT_PRODUCTS_DIR}/AKPickerView-Swift/AKPickerView_Swift.framework",
			);
			name = "[CP] Embed Pods Frameworks";
			outputPaths = (
				"${TARGET_BUILD_DIR}/${FRAMEWORKS_FOLDER_PATH}/AKPickerView_Swift.framework",
			);
			runOnlyForDeploymentPostprocessing = 0;
			shellPath = /bin/sh;
			shellScript = "\"${SRCROOT}/Pods/Target Support Files/Pods-Equalizer2/Pods-Equalizer2-frameworks.sh\"\n";
			showEnvVarsInLog = 0;
		};
/* End PBXShellScriptBuildPhase section */

/* Begin PBXSourcesBuildPhase section */
		F7E7FA831FE02B87005E8822 /* Sources */ = {
			isa = PBXSourcesBuildPhase;
			buildActionMask = 2147483647;
			files = (
				F7E7286A1FE26DA3007FE526 /* CenterCellCollectionViewFlowLayout.swift in Sources */,
				F75602BB1FE1452800B32121 /* PickerViewController.swift in Sources */,
				F7F177891FE29685003FF5D4 /* AKPickerView.swift in Sources */,
				F798EC051FE1242400F5EF10 /* InternalSlider.swift in Sources */,
				F752A9311FE17972004177A0 /* Cell1CollectionViewCell.swift in Sources */,
				F798EC031FE123D200F5EF10 /* VerticalSlider.swift in Sources */,
				F7E7FA8D1FE02B87005E8822 /* ViewController.swift in Sources */,
				F7E7FA8B1FE02B87005E8822 /* AppDelegate.swift in Sources */,
			);
			runOnlyForDeploymentPostprocessing = 0;
		};
/* End PBXSourcesBuildPhase section */

/* Begin PBXVariantGroup section */
		F7E7FA8E1FE02B87005E8822 /* Main.storyboard */ = {
			isa = PBXVariantGroup;
			children = (
				F7E7FA8F1FE02B87005E8822 /* Base */,
			);
			name = Main.storyboard;
			sourceTree = "<group>";
		};
		F7E7FA931FE02B87005E8822 /* LaunchScreen.storyboard */ = {
			isa = PBXVariantGroup;
			children = (
				F7E7FA941FE02B87005E8822 /* Base */,
			);
			name = LaunchScreen.storyboard;
			sourceTree = "<group>";
		};
/* End PBXVariantGroup section */

/* Begin XCBuildConfiguration section */
		F7E7FA971FE02B87005E8822 /* Debug */ = {
			isa = XCBuildConfiguration;
			buildSettings = {
				ALWAYS_SEARCH_USER_PATHS = NO;
				CLANG_ANALYZER_NONNULL = YES;
				CLANG_ANALYZER_NUMBER_OBJECT_CONVERSION = YES_AGGRESSIVE;
				CLANG_CXX_LANGUAGE_STANDARD = "gnu++14";
				CLANG_CXX_LIBRARY = "libc++";
				CLANG_ENABLE_MODULES = YES;
				CLANG_ENABLE_OBJC_ARC = YES;
				CLANG_WARN_BLOCK_CAPTURE_AUTORELEASING = YES;
				CLANG_WARN_BOOL_CONVERSION = YES;
				CLANG_WARN_COMMA = YES;
				CLANG_WARN_CONSTANT_CONVERSION = YES;
				CLANG_WARN_DIRECT_OBJC_ISA_USAGE = YES_ERROR;
				CLANG_WARN_DOCUMENTATION_COMMENTS = YES;
				CLANG_WARN_EMPTY_BODY = YES;
				CLANG_WARN_ENUM_CONVERSION = YES;
				CLANG_WARN_INFINITE_RECURSION = YES;
				CLANG_WARN_INT_CONVERSION = YES;
				CLANG_WARN_NON_LITERAL_NULL_CONVERSION = YES;
				CLANG_WARN_OBJC_LITERAL_CONVERSION = YES;
				CLANG_WARN_OBJC_ROOT_CLASS = YES_ERROR;
				CLANG_WARN_RANGE_LOOP_ANALYSIS = YES;
				CLANG_WARN_STRICT_PROTOTYPES = YES;
				CLANG_WARN_SUSPICIOUS_MOVE = YES;
				CLANG_WARN_UNGUARDED_AVAILABILITY = YES_AGGRESSIVE;
				CLANG_WARN_UNREACHABLE_CODE = YES;
				CLANG_WARN__DUPLICATE_METHOD_MATCH = YES;
				CODE_SIGN_IDENTITY = "iPhone Developer";
				COPY_PHASE_STRIP = NO;
				DEBUG_INFORMATION_FORMAT = dwarf;
				ENABLE_STRICT_OBJC_MSGSEND = YES;
				ENABLE_TESTABILITY = YES;
				GCC_C_LANGUAGE_STANDARD = gnu11;
				GCC_DYNAMIC_NO_PIC = NO;
				GCC_NO_COMMON_BLOCKS = YES;
				GCC_OPTIMIZATION_LEVEL = 0;
				GCC_PREPROCESSOR_DEFINITIONS = (
					"DEBUG=1",
					"$(inherited)",
				);
				GCC_WARN_64_TO_32_BIT_CONVERSION = YES;
				GCC_WARN_ABOUT_RETURN_TYPE = YES_ERROR;
				GCC_WARN_UNDECLARED_SELECTOR = YES;
				GCC_WARN_UNINITIALIZED_AUTOS = YES_AGGRESSIVE;
				GCC_WARN_UNUSED_FUNCTION = YES;
				GCC_WARN_UNUSED_VARIABLE = YES;
				IPHONEOS_DEPLOYMENT_TARGET = 11.2;
				MTL_ENABLE_DEBUG_INFO = YES;
				ONLY_ACTIVE_ARCH = YES;
				SDKROOT = iphoneos;
				SWIFT_ACTIVE_COMPILATION_CONDITIONS = DEBUG;
				SWIFT_OPTIMIZATION_LEVEL = "-Onone";
			};
			name = Debug;
		};
		F7E7FA981FE02B87005E8822 /* Release */ = {
			isa = XCBuildConfiguration;
			buildSettings = {
				ALWAYS_SEARCH_USER_PATHS = NO;
				CLANG_ANALYZER_NONNULL = YES;
				CLANG_ANALYZER_NUMBER_OBJECT_CONVERSION = YES_AGGRESSIVE;
				CLANG_CXX_LANGUAGE_STANDARD = "gnu++14";
				CLANG_CXX_LIBRARY = "libc++";
				CLANG_ENABLE_MODULES = YES;
				CLANG_ENABLE_OBJC_ARC = YES;
				CLANG_WARN_BLOCK_CAPTURE_AUTORELEASING = YES;
				CLANG_WARN_BOOL_CONVERSION = YES;
				CLANG_WARN_COMMA = YES;
				CLANG_WARN_CONSTANT_CONVERSION = YES;
				CLANG_WARN_DIRECT_OBJC_ISA_USAGE = YES_ERROR;
				CLANG_WARN_DOCUMENTATION_COMMENTS = YES;
				CLANG_WARN_EMPTY_BODY = YES;
				CLANG_WARN_ENUM_CONVERSION = YES;
				CLANG_WARN_INFINITE_RECURSION = YES;
				CLANG_WARN_INT_CONVERSION = YES;
				CLANG_WARN_NON_LITERAL_NULL_CONVERSION = YES;
				CLANG_WARN_OBJC_LITERAL_CONVERSION = YES;
				CLANG_WARN_OBJC_ROOT_CLASS = YES_ERROR;
				CLANG_WARN_RANGE_LOOP_ANALYSIS = YES;
				CLANG_WARN_STRICT_PROTOTYPES = YES;
				CLANG_WARN_SUSPICIOUS_MOVE = YES;
				CLANG_WARN_UNGUARDED_AVAILABILITY = YES_AGGRESSIVE;
				CLANG_WARN_UNREACHABLE_CODE = YES;
				CLANG_WARN__DUPLICATE_METHOD_MATCH = YES;
				CODE_SIGN_IDENTITY = "iPhone Developer";
				COPY_PHASE_STRIP = NO;
				DEBUG_INFORMATION_FORMAT = "dwarf-with-dsym";
				ENABLE_NS_ASSERTIONS = NO;
				ENABLE_STRICT_OBJC_MSGSEND = YES;
				GCC_C_LANGUAGE_STANDARD = gnu11;
				GCC_NO_COMMON_BLOCKS = YES;
				GCC_WARN_64_TO_32_BIT_CONVERSION = YES;
				GCC_WARN_ABOUT_RETURN_TYPE = YES_ERROR;
				GCC_WARN_UNDECLARED_SELECTOR = YES;
				GCC_WARN_UNINITIALIZED_AUTOS = YES_AGGRESSIVE;
				GCC_WARN_UNUSED_FUNCTION = YES;
				GCC_WARN_UNUSED_VARIABLE = YES;
				IPHONEOS_DEPLOYMENT_TARGET = 11.2;
				MTL_ENABLE_DEBUG_INFO = NO;
				SDKROOT = iphoneos;
				SWIFT_OPTIMIZATION_LEVEL = "-Owholemodule";
				VALIDATE_PRODUCT = YES;
			};
			name = Release;
		};
		F7E7FA9A1FE02B87005E8822 /* Debug */ = {
			isa = XCBuildConfiguration;
			baseConfigurationReference = 59A1756210367DF7D5EFB924 /* Pods-Equalizer2.debug.xcconfig */;
			buildSettings = {
				ASSETCATALOG_COMPILER_APPICON_NAME = AppIcon;
				CODE_SIGN_STYLE = Automatic;
				DEVELOPMENT_TEAM = UR2UCZHHPB;
				INFOPLIST_FILE = Equalizer2/Info.plist;
				LD_RUNPATH_SEARCH_PATHS = "$(inherited) @executable_path/Frameworks";
				PRODUCT_BUNDLE_IDENTIFIER = SergeyLeskov.Equalizer2;
				PRODUCT_NAME = "$(TARGET_NAME)";
				SWIFT_VERSION = 4.0;
				TARGETED_DEVICE_FAMILY = "1,2";
			};
			name = Debug;
		};
		F7E7FA9B1FE02B87005E8822 /* Release */ = {
			isa = XCBuildConfiguration;
			baseConfigurationReference = EE17AA76FD2BCECE0E19CCF0 /* Pods-Equalizer2.release.xcconfig */;
			buildSettings = {
				ASSETCATALOG_COMPILER_APPICON_NAME = AppIcon;
				CODE_SIGN_STYLE = Automatic;
				DEVELOPMENT_TEAM = UR2UCZHHPB;
				INFOPLIST_FILE = Equalizer2/Info.plist;
				LD_RUNPATH_SEARCH_PATHS = "$(inherited) @executable_path/Frameworks";
				PRODUCT_BUNDLE_IDENTIFIER = SergeyLeskov.Equalizer2;
				PRODUCT_NAME = "$(TARGET_NAME)";
				SWIFT_VERSION = 4.0;
				TARGETED_DEVICE_FAMILY = "1,2";
			};
			name = Release;
		};
/* End XCBuildConfiguration section */

/* Begin XCConfigurationList section */
		F7E7FA821FE02B87005E8822 /* Build configuration list for PBXProject "Equalizer2" */ = {
			isa = XCConfigurationList;
			buildConfigurations = (
				F7E7FA971FE02B87005E8822 /* Debug */,
				F7E7FA981FE02B87005E8822 /* Release */,
			);
			defaultConfigurationIsVisible = 0;
			defaultConfigurationName = Release;
		};
		F7E7FA991FE02B87005E8822 /* Build configuration list for PBXNativeTarget "Equalizer2" */ = {
			isa = XCConfigurationList;
			buildConfigurations = (
				F7E7FA9A1FE02B87005E8822 /* Debug */,
				F7E7FA9B1FE02B87005E8822 /* Release */,
			);
			defaultConfigurationIsVisible = 0;
			defaultConfigurationName = Release;
		};
/* End XCConfigurationList section */
	};
	rootObject = F7E7FA7F1FE02B87005E8822 /* Project object */;
}
